{
  "version": 4,
  "terraform_version": "1.8.2",
  "serial": 5,
  "lineage": "768ab1a6-eadc-890d-6ecf-052e5c847695",
  "outputs": {},
  "resources": [
    {
      "mode": "managed",
      "type": "newrelic_workload",
      "name": "foo",
      "provider": "provider[\"registry.terraform.io/newrelic/newrelic\"]",
      "instances": [
        {
          "schema_version": 0,
          "attributes": {
            "account_id": 4411834,
            "composite_entity_search_query": "(accountId IN ('4411834')) AND ((id IN ('NDQxMTgzNHxBSU9QU3xXT1JLRkxPV3w2MGFhNmVlNi05YzU5LTRlMDQtYjIzMi1jM2FhMWE1ZTFjYWY')) OR (name like '%Example application%')) AND id != 'NDQxMTgzNHxOUjF8V09SS0xPQUR8MjIyNTEw'",
            "description": null,
            "entity_guids": [
              "NDQxMTgzNHxBSU9QU3xXT1JLRkxPV3w2MGFhNmVlNi05YzU5LTRlMDQtYjIzMi1jM2FhMWE1ZTFjYWY"
            ],
            "entity_search_query": [],
            "guid": "NDQxMTgzNHxOUjF8V09SS0xPQUR8MjIyNTEw",
            "id": "4411834:222510:NDQxMTgzNHxOUjF8V09SS0xPQUR8MjIyNTEw",
            "name": "Example workload",
            "permalink": "https://one.newrelic.com/redirect/entity/NDQxMTgzNHxOUjF8V09SS0xPQUR8MjIyNTEw",
            "scope_account_ids": [
              4411834
            ],
            "status_config_automatic": [],
            "status_config_static": [],
            "workload_id": 222510
          },
          "sensitive_attributes": [],
          "private": "bnVsbA=="
        }
      ]
    }
  ],
  "check_results": null
}
